
Microsoft Visual Studio Solution File, Format Version 12.00
# Visual Studio Version 17
Project("{8BC9CEB8-8B4A-11D0-8D11-00A0C91BC942}") = "ALL_BUILD", "ALL_BUILD.vcxproj", "{7CC3D9B6-35AC-3CFF-B10A-B762CFF64069}"
	ProjectSection(ProjectDependencies) = postProject
		{58779CF1-061D-3065-A47C-46ED02D5CCA0} = {58779CF1-061D-3065-A47C-46ED02D5CCA0}
		{8D34F40B-A3C3-3DED-B88D-FAC79D1AD51A} = {8D34F40B-A3C3-3DED-B88D-FAC79D1AD51A}
		{3E0579A2-3ED6-3702-94FA-1D1E2102A460} = {3E0579A2-3ED6-3702-94FA-1D1E2102A460}
		{9C7FA260-B2F5-3621-98E2-14C0FE4BA996} = {9C7FA260-B2F5-3621-98E2-14C0FE4BA996}
		{4AE03B66-D6E4-37AE-9503-FB8F0F89B72E} = {4AE03B66-D6E4-37AE-9503-FB8F0F89B72E}
		{6A9E6B0E-D115-3B15-913F-137C7FC382A3} = {6A9E6B0E-D115-3B15-913F-137C7FC382A3}
	EndProjectSection
EndProject
Project("{8BC9CEB8-8B4A-11D0-8D11-00A0C91BC942}") = "INSTALL", "INSTALL.vcxproj", "{340B198D-C9B5-3B6F-8C9F-670BE7F94BE1}"
	ProjectSection(ProjectDependencies) = postProject
		{7CC3D9B6-35AC-3CFF-B10A-B762CFF64069} = {7CC3D9B6-35AC-3CFF-B10A-B762CFF64069}
		{58779CF1-061D-3065-A47C-46ED02D5CCA0} = {58779CF1-061D-3065-A47C-46ED02D5CCA0}
	EndProjectSection
EndProject
Project("{8BC9CEB8-8B4A-11D0-8D11-00A0C91BC942}") = "PACKAGE", "PACKAGE.vcxproj", "{58831FE4-B37E-3CB0-9D61-B6F0C4E43FB9}"
	ProjectSection(ProjectDependencies) = postProject
		{7CC3D9B6-35AC-3CFF-B10A-B762CFF64069} = {7CC3D9B6-35AC-3CFF-B10A-B762CFF64069}
		{58779CF1-061D-3065-A47C-46ED02D5CCA0} = {58779CF1-061D-3065-A47C-46ED02D5CCA0}
	EndProjectSection
EndProject
Project("{8BC9CEB8-8B4A-11D0-8D11-00A0C91BC942}") = "ZERO_CHECK", "..\..\ZERO_CHECK.vcxproj", "{58779CF1-061D-3065-A47C-46ED02D5CCA0}"
	ProjectSection(ProjectDependencies) = postProject
	EndProjectSection
EndProject
Project("{8BC9CEB8-8B4A-11D0-8D11-00A0C91BC942}") = "apidoc", "apidoc.vcxproj", "{F538D1B8-0537-3FDB-8466-BC090D67F5C4}"
	ProjectSection(ProjectDependencies) = postProject
		{58779CF1-061D-3065-A47C-46ED02D5CCA0} = {58779CF1-061D-3065-A47C-46ED02D5CCA0}
	EndProjectSection
EndProject
Project("{8BC9CEB8-8B4A-11D0-8D11-00A0C91BC942}") = "everest", "3rdparty\everest\everest.vcxproj", "{8D34F40B-A3C3-3DED-B88D-FAC79D1AD51A}"
	ProjectSection(ProjectDependencies) = postProject
		{58779CF1-061D-3065-A47C-46ED02D5CCA0} = {58779CF1-061D-3065-A47C-46ED02D5CCA0}
	EndProjectSection
EndProject
Project("{8BC9CEB8-8B4A-11D0-8D11-00A0C91BC942}") = "lib", "library\lib.vcxproj", "{D44C02F4-0BB2-3CC6-BDF7-86319D914613}"
	ProjectSection(ProjectDependencies) = postProject
		{58779CF1-061D-3065-A47C-46ED02D5CCA0} = {58779CF1-061D-3065-A47C-46ED02D5CCA0}
		{3E0579A2-3ED6-3702-94FA-1D1E2102A460} = {3E0579A2-3ED6-3702-94FA-1D1E2102A460}
		{9C7FA260-B2F5-3621-98E2-14C0FE4BA996} = {9C7FA260-B2F5-3621-98E2-14C0FE4BA996}
		{4AE03B66-D6E4-37AE-9503-FB8F0F89B72E} = {4AE03B66-D6E4-37AE-9503-FB8F0F89B72E}
	EndProjectSection
EndProject
Project("{8BC9CEB8-8B4A-11D0-8D11-00A0C91BC942}") = "mbedcrypto", "library\mbedcrypto.vcxproj", "{3E0579A2-3ED6-3702-94FA-1D1E2102A460}"
	ProjectSection(ProjectDependencies) = postProject
		{58779CF1-061D-3065-A47C-46ED02D5CCA0} = {58779CF1-061D-3065-A47C-46ED02D5CCA0}
		{8D34F40B-A3C3-3DED-B88D-FAC79D1AD51A} = {8D34F40B-A3C3-3DED-B88D-FAC79D1AD51A}
		{6A9E6B0E-D115-3B15-913F-137C7FC382A3} = {6A9E6B0E-D115-3B15-913F-137C7FC382A3}
	EndProjectSection
EndProject
Project("{8BC9CEB8-8B4A-11D0-8D11-00A0C91BC942}") = "mbedtls", "library\mbedtls.vcxproj", "{9C7FA260-B2F5-3621-98E2-14C0FE4BA996}"
	ProjectSection(ProjectDependencies) = postProject
		{58779CF1-061D-3065-A47C-46ED02D5CCA0} = {58779CF1-061D-3065-A47C-46ED02D5CCA0}
		{8D34F40B-A3C3-3DED-B88D-FAC79D1AD51A} = {8D34F40B-A3C3-3DED-B88D-FAC79D1AD51A}
		{3E0579A2-3ED6-3702-94FA-1D1E2102A460} = {3E0579A2-3ED6-3702-94FA-1D1E2102A460}
		{4AE03B66-D6E4-37AE-9503-FB8F0F89B72E} = {4AE03B66-D6E4-37AE-9503-FB8F0F89B72E}
		{6A9E6B0E-D115-3B15-913F-137C7FC382A3} = {6A9E6B0E-D115-3B15-913F-137C7FC382A3}
	EndProjectSection
EndProject
Project("{8BC9CEB8-8B4A-11D0-8D11-00A0C91BC942}") = "mbedx509", "library\mbedx509.vcxproj", "{4AE03B66-D6E4-37AE-9503-FB8F0F89B72E}"
	ProjectSection(ProjectDependencies) = postProject
		{58779CF1-061D-3065-A47C-46ED02D5CCA0} = {58779CF1-061D-3065-A47C-46ED02D5CCA0}
		{8D34F40B-A3C3-3DED-B88D-FAC79D1AD51A} = {8D34F40B-A3C3-3DED-B88D-FAC79D1AD51A}
		{3E0579A2-3ED6-3702-94FA-1D1E2102A460} = {3E0579A2-3ED6-3702-94FA-1D1E2102A460}
		{6A9E6B0E-D115-3B15-913F-137C7FC382A3} = {6A9E6B0E-D115-3B15-913F-137C7FC382A3}
	EndProjectSection
EndProject
Project("{8BC9CEB8-8B4A-11D0-8D11-00A0C91BC942}") = "p256m", "3rdparty\p256-m\p256m.vcxproj", "{6A9E6B0E-D115-3B15-913F-137C7FC382A3}"
	ProjectSection(ProjectDependencies) = postProject
		{58779CF1-061D-3065-A47C-46ED02D5CCA0} = {58779CF1-061D-3065-A47C-46ED02D5CCA0}
	EndProjectSection
EndProject
Global
	GlobalSection(SolutionConfigurationPlatforms) = preSolution
		Debug|x64 = Debug|x64
		Release|x64 = Release|x64
		MinSizeRel|x64 = MinSizeRel|x64
		RelWithDebInfo|x64 = RelWithDebInfo|x64
	EndGlobalSection
	GlobalSection(ProjectConfigurationPlatforms) = postSolution
		{7CC3D9B6-35AC-3CFF-B10A-B762CFF64069}.Debug|x64.ActiveCfg = Debug|x64
		{7CC3D9B6-35AC-3CFF-B10A-B762CFF64069}.Debug|x64.Build.0 = Debug|x64
		{7CC3D9B6-35AC-3CFF-B10A-B762CFF64069}.Release|x64.ActiveCfg = Release|x64
		{7CC3D9B6-35AC-3CFF-B10A-B762CFF64069}.Release|x64.Build.0 = Release|x64
		{7CC3D9B6-35AC-3CFF-B10A-B762CFF64069}.MinSizeRel|x64.ActiveCfg = MinSizeRel|x64
		{7CC3D9B6-35AC-3CFF-B10A-B762CFF64069}.MinSizeRel|x64.Build.0 = MinSizeRel|x64
		{7CC3D9B6-35AC-3CFF-B10A-B762CFF64069}.RelWithDebInfo|x64.ActiveCfg = RelWithDebInfo|x64
		{7CC3D9B6-35AC-3CFF-B10A-B762CFF64069}.RelWithDebInfo|x64.Build.0 = RelWithDebInfo|x64
		{340B198D-C9B5-3B6F-8C9F-670BE7F94BE1}.Debug|x64.ActiveCfg = Debug|x64
		{340B198D-C9B5-3B6F-8C9F-670BE7F94BE1}.Release|x64.ActiveCfg = Release|x64
		{340B198D-C9B5-3B6F-8C9F-670BE7F94BE1}.MinSizeRel|x64.ActiveCfg = MinSizeRel|x64
		{340B198D-C9B5-3B6F-8C9F-670BE7F94BE1}.RelWithDebInfo|x64.ActiveCfg = RelWithDebInfo|x64
		{58831FE4-B37E-3CB0-9D61-B6F0C4E43FB9}.Debug|x64.ActiveCfg = Debug|x64
		{58831FE4-B37E-3CB0-9D61-B6F0C4E43FB9}.Release|x64.ActiveCfg = Release|x64
		{58831FE4-B37E-3CB0-9D61-B6F0C4E43FB9}.MinSizeRel|x64.ActiveCfg = MinSizeRel|x64
		{58831FE4-B37E-3CB0-9D61-B6F0C4E43FB9}.RelWithDebInfo|x64.ActiveCfg = RelWithDebInfo|x64
		{58779CF1-061D-3065-A47C-46ED02D5CCA0}.Debug|x64.ActiveCfg = Debug|x64
		{58779CF1-061D-3065-A47C-46ED02D5CCA0}.Debug|x64.Build.0 = Debug|x64
		{58779CF1-061D-3065-A47C-46ED02D5CCA0}.Release|x64.ActiveCfg = Release|x64
		{58779CF1-061D-3065-A47C-46ED02D5CCA0}.Release|x64.Build.0 = Release|x64
		{58779CF1-061D-3065-A47C-46ED02D5CCA0}.MinSizeRel|x64.ActiveCfg = MinSizeRel|x64
		{58779CF1-061D-3065-A47C-46ED02D5CCA0}.MinSizeRel|x64.Build.0 = MinSizeRel|x64
		{58779CF1-061D-3065-A47C-46ED02D5CCA0}.RelWithDebInfo|x64.ActiveCfg = RelWithDebInfo|x64
		{58779CF1-061D-3065-A47C-46ED02D5CCA0}.RelWithDebInfo|x64.Build.0 = RelWithDebInfo|x64
		{F538D1B8-0537-3FDB-8466-BC090D67F5C4}.Debug|x64.ActiveCfg = Debug|x64
		{F538D1B8-0537-3FDB-8466-BC090D67F5C4}.Release|x64.ActiveCfg = Release|x64
		{F538D1B8-0537-3FDB-8466-BC090D67F5C4}.MinSizeRel|x64.ActiveCfg = MinSizeRel|x64
		{F538D1B8-0537-3FDB-8466-BC090D67F5C4}.RelWithDebInfo|x64.ActiveCfg = RelWithDebInfo|x64
		{8D34F40B-A3C3-3DED-B88D-FAC79D1AD51A}.Debug|x64.ActiveCfg = Debug|x64
		{8D34F40B-A3C3-3DED-B88D-FAC79D1AD51A}.Debug|x64.Build.0 = Debug|x64
		{8D34F40B-A3C3-3DED-B88D-FAC79D1AD51A}.Release|x64.ActiveCfg = Release|x64
		{8D34F40B-A3C3-3DED-B88D-FAC79D1AD51A}.Release|x64.Build.0 = Release|x64
		{8D34F40B-A3C3-3DED-B88D-FAC79D1AD51A}.MinSizeRel|x64.ActiveCfg = MinSizeRel|x64
		{8D34F40B-A3C3-3DED-B88D-FAC79D1AD51A}.MinSizeRel|x64.Build.0 = MinSizeRel|x64
		{8D34F40B-A3C3-3DED-B88D-FAC79D1AD51A}.RelWithDebInfo|x64.ActiveCfg = RelWithDebInfo|x64
		{8D34F40B-A3C3-3DED-B88D-FAC79D1AD51A}.RelWithDebInfo|x64.Build.0 = RelWithDebInfo|x64
		{D44C02F4-0BB2-3CC6-BDF7-86319D914613}.Debug|x64.ActiveCfg = Debug|x64
		{D44C02F4-0BB2-3CC6-BDF7-86319D914613}.Release|x64.ActiveCfg = Release|x64
		{D44C02F4-0BB2-3CC6-BDF7-86319D914613}.MinSizeRel|x64.ActiveCfg = MinSizeRel|x64
		{D44C02F4-0BB2-3CC6-BDF7-86319D914613}.RelWithDebInfo|x64.ActiveCfg = RelWithDebInfo|x64
		{3E0579A2-3ED6-3702-94FA-1D1E2102A460}.Debug|x64.ActiveCfg = Debug|x64
		{3E0579A2-3ED6-3702-94FA-1D1E2102A460}.Debug|x64.Build.0 = Debug|x64
		{3E0579A2-3ED6-3702-94FA-1D1E2102A460}.Release|x64.ActiveCfg = Release|x64
		{3E0579A2-3ED6-3702-94FA-1D1E2102A460}.Release|x64.Build.0 = Release|x64
		{3E0579A2-3ED6-3702-94FA-1D1E2102A460}.MinSizeRel|x64.ActiveCfg = MinSizeRel|x64
		{3E0579A2-3ED6-3702-94FA-1D1E2102A460}.MinSizeRel|x64.Build.0 = MinSizeRel|x64
		{3E0579A2-3ED6-3702-94FA-1D1E2102A460}.RelWithDebInfo|x64.ActiveCfg = RelWithDebInfo|x64
		{3E0579A2-3ED6-3702-94FA-1D1E2102A460}.RelWithDebInfo|x64.Build.0 = RelWithDebInfo|x64
		{9C7FA260-B2F5-3621-98E2-14C0FE4BA996}.Debug|x64.ActiveCfg = Debug|x64
		{9C7FA260-B2F5-3621-98E2-14C0FE4BA996}.Debug|x64.Build.0 = Debug|x64
		{9C7FA260-B2F5-3621-98E2-14C0FE4BA996}.Release|x64.ActiveCfg = Release|x64
		{9C7FA260-B2F5-3621-98E2-14C0FE4BA996}.Release|x64.Build.0 = Release|x64
		{9C7FA260-B2F5-3621-98E2-14C0FE4BA996}.MinSizeRel|x64.ActiveCfg = MinSizeRel|x64
		{9C7FA260-B2F5-3621-98E2-14C0FE4BA996}.MinSizeRel|x64.Build.0 = MinSizeRel|x64
		{9C7FA260-B2F5-3621-98E2-14C0FE4BA996}.RelWithDebInfo|x64.ActiveCfg = RelWithDebInfo|x64
		{9C7FA260-B2F5-3621-98E2-14C0FE4BA996}.RelWithDebInfo|x64.Build.0 = RelWithDebInfo|x64
		{4AE03B66-D6E4-37AE-9503-FB8F0F89B72E}.Debug|x64.ActiveCfg = Debug|x64
		{4AE03B66-D6E4-37AE-9503-FB8F0F89B72E}.Debug|x64.Build.0 = Debug|x64
		{4AE03B66-D6E4-37AE-9503-FB8F0F89B72E}.Release|x64.ActiveCfg = Release|x64
		{4AE03B66-D6E4-37AE-9503-FB8F0F89B72E}.Release|x64.Build.0 = Release|x64
		{4AE03B66-D6E4-37AE-9503-FB8F0F89B72E}.MinSizeRel|x64.ActiveCfg = MinSizeRel|x64
		{4AE03B66-D6E4-37AE-9503-FB8F0F89B72E}.MinSizeRel|x64.Build.0 = MinSizeRel|x64
		{4AE03B66-D6E4-37AE-9503-FB8F0F89B72E}.RelWithDebInfo|x64.ActiveCfg = RelWithDebInfo|x64
		{4AE03B66-D6E4-37AE-9503-FB8F0F89B72E}.RelWithDebInfo|x64.Build.0 = RelWithDebInfo|x64
		{6A9E6B0E-D115-3B15-913F-137C7FC382A3}.Debug|x64.ActiveCfg = Debug|x64
		{6A9E6B0E-D115-3B15-913F-137C7FC382A3}.Debug|x64.Build.0 = Debug|x64
		{6A9E6B0E-D115-3B15-913F-137C7FC382A3}.Release|x64.ActiveCfg = Release|x64
		{6A9E6B0E-D115-3B15-913F-137C7FC382A3}.Release|x64.Build.0 = Release|x64
		{6A9E6B0E-D115-3B15-913F-137C7FC382A3}.MinSizeRel|x64.ActiveCfg = MinSizeRel|x64
		{6A9E6B0E-D115-3B15-913F-137C7FC382A3}.MinSizeRel|x64.Build.0 = MinSizeRel|x64
		{6A9E6B0E-D115-3B15-913F-137C7FC382A3}.RelWithDebInfo|x64.ActiveCfg = RelWithDebInfo|x64
		{6A9E6B0E-D115-3B15-913F-137C7FC382A3}.RelWithDebInfo|x64.Build.0 = RelWithDebInfo|x64
	EndGlobalSection
	GlobalSection(ExtensibilityGlobals) = postSolution
		SolutionGuid = {5C870582-50C0-3D23-9158-A21B4694B144}
	EndGlobalSection
	GlobalSection(ExtensibilityAddIns) = postSolution
	EndGlobalSection
EndGlobal
